
Microsoft Visual Studio Solution File, Format Version 12.00
# Visual Studio 15
VisualStudioVersion = 15.0.26228.9
MinimumVisualStudioVersion = 10.0.40219.1
Project("{FAE04EC0-301F-11D3-BF4B-00C04F79EFBC}") = "BgmRodotec.Agencia.Modelos", "BgmRodotec.Agencia.Modelos\BgmRodotec.Agencia.Modelos.csproj", "{BC7EAEEF-5D48-4150-ABD0-78471276F47E}"
EndProject
Project("{FAE04EC0-301F-11D3-BF4B-00C04F79EFBC}") = "BgmRodotec.Agencia.Apresentacao", "BgmRodotec.Agencia.Apresentacao\BgmRodotec.Agencia.Apresentacao.csproj", "{AA769831-7230-4B0F-A4E9-C934A85DAAB4}"
EndProject
Project("{FAE04EC0-301F-11D3-BF4B-00C04F79EFBC}") = "BgmRodotec.Agencia.AcessoDados", "BgmRodotec.Agencia.AcessoDados\BgmRodotec.Agencia.AcessoDados.csproj", "{097327B9-2595-4620-A959-8E1F3B392A66}"
EndProject
Project("{FAE04EC0-301F-11D3-BF4B-00C04F79EFBC}") = "BgmRodotec.Agencia.Negocio", "BgmRodotec.Agencia.Negocio\BgmRodotec.Agencia.Negocio.csproj", "{EBAB8F1C-842B-4357-90EA-997571341444}"
EndProject
Global
	GlobalSection(SolutionConfigurationPlatforms) = preSolution
		Debug|Any CPU = Debug|Any CPU
		Release|Any CPU = Release|Any CPU
	EndGlobalSection
	GlobalSection(ProjectConfigurationPlatforms) = postSolution
		{BC7EAEEF-5D48-4150-ABD0-78471276F47E}.Debug|Any CPU.ActiveCfg = Debug|Any CPU
		{BC7EAEEF-5D48-4150-ABD0-78471276F47E}.Debug|Any CPU.Build.0 = Debug|Any CPU
		{BC7EAEEF-5D48-4150-ABD0-78471276F47E}.Release|Any CPU.ActiveCfg = Release|Any CPU
		{BC7EAEEF-5D48-4150-ABD0-78471276F47E}.Release|Any CPU.Build.0 = Release|Any CPU
		{AA769831-7230-4B0F-A4E9-C934A85DAAB4}.Debug|Any CPU.ActiveCfg = Debug|Any CPU
		{AA769831-7230-4B0F-A4E9-C934A85DAAB4}.Debug|Any CPU.Build.0 = Debug|Any CPU
		{AA769831-7230-4B0F-A4E9-C934A85DAAB4}.Release|Any CPU.ActiveCfg = Release|Any CPU
		{AA769831-7230-4B0F-A4E9-C934A85DAAB4}.Release|Any CPU.Build.0 = Release|Any CPU
		{097327B9-2595-4620-A959-8E1F3B392A66}.Debug|Any CPU.ActiveCfg = Debug|Any CPU
		{097327B9-2595-4620-A959-8E1F3B392A66}.Debug|Any CPU.Build.0 = Debug|Any CPU
		{097327B9-2595-4620-A959-8E1F3B392A66}.Release|Any CPU.ActiveCfg = Release|Any CPU
		{097327B9-2595-4620-A959-8E1F3B392A66}.Release|Any CPU.Build.0 = Release|Any CPU
		{EBAB8F1C-842B-4357-90EA-997571341444}.Debug|Any CPU.ActiveCfg = Debug|Any CPU
		{EBAB8F1C-842B-4357-90EA-997571341444}.Debug|Any CPU.Build.0 = Debug|Any CPU
		{EBAB8F1C-842B-4357-90EA-997571341444}.Release|Any CPU.ActiveCfg = Release|Any CPU
		{EBAB8F1C-842B-4357-90EA-997571341444}.Release|Any CPU.Build.0 = Release|Any CPU
	EndGlobalSection
	GlobalSection(SolutionProperties) = preSolution
		HideSolutionNode = FALSE
	EndGlobalSection
EndGlobal
